
Microsoft Visual Studio Solution File, Format Version 12.00
Project("{FAE04EC0-301F-11D3-BF4B-00C04F79EFBC}") = "DescuentoTiendaIf", "DescuentoTiendaIf\DescuentoTiendaIf.csproj", "{E01A25C8-7BF8-44F5-857D-2C215C42666C}"
EndProject
Project("{FAE04EC0-301F-11D3-BF4B-00C04F79EFBC}") = "DescuentoTiendaSw", "DescuentoTiendaSw\DescuentoTiendaSw.csproj", "{E9D6257C-51A3-4153-AE43-6890C391E589}"
EndProject
Project("{FAE04EC0-301F-11D3-BF4B-00C04F79EFBC}") = "AprobacionDeEstudiante", "AprobacionDeEstudiante\AprobacionDeEstudiante.csproj", "{4ED527E4-D91E-4DD2-9ED9-0A234B471F56}"
EndProject
Project("{FAE04EC0-301F-11D3-BF4B-00C04F79EFBC}") = "AprovacionDeEstudianteSW", "AprovacionDeEstudianteSW\AprovacionDeEstudianteSW.csproj", "{D0030C2B-B9C9-4E29-BB79-8F138DED89CD}"
EndProject
Project("{FAE04EC0-301F-11D3-BF4B-00C04F79EFBC}") = "EntradaAUnEvento", "EntradaAUnEvento\EntradaAUnEvento.csproj", "{42068FD6-BE76-4E8A-BC7C-78E99DE047A1}"
EndProject
Project("{FAE04EC0-301F-11D3-BF4B-00C04F79EFBC}") = "EntradaAUnEventoSW", "EntradaAUnEventoSW\EntradaAUnEventoSW.csproj", "{8D6747B6-3A97-4423-957F-9405AE3AB8D8}"
EndProject
Project("{FAE04EC0-301F-11D3-BF4B-00C04F79EFBC}") = "DeterminarElMayorDeCuatroNumerosIf", "DeterminarElMayorDeCuatroNumerosIf\DeterminarElMayorDeCuatroNumerosIf.csproj", "{0990CBCB-7B15-4DBD-9506-E69981C19584}"
EndProject
Project("{FAE04EC0-301F-11D3-BF4B-00C04F79EFBC}") = "DeterminarElMayorDeCuatroNumerosSw", "DeterminarElMayorDeCuatroNumerosSw\DeterminarElMayorDeCuatroNumerosSw.csproj", "{A41B43BE-8939-49D6-A47A-D6533161265F}"
EndProject
Global
	GlobalSection(SolutionConfigurationPlatforms) = preSolution
		Debug|Any CPU = Debug|Any CPU
		Release|Any CPU = Release|Any CPU
	EndGlobalSection
	GlobalSection(ProjectConfigurationPlatforms) = postSolution
		{E01A25C8-7BF8-44F5-857D-2C215C42666C}.Debug|Any CPU.ActiveCfg = Debug|Any CPU
		{E01A25C8-7BF8-44F5-857D-2C215C42666C}.Debug|Any CPU.Build.0 = Debug|Any CPU
		{E01A25C8-7BF8-44F5-857D-2C215C42666C}.Release|Any CPU.ActiveCfg = Release|Any CPU
		{E01A25C8-7BF8-44F5-857D-2C215C42666C}.Release|Any CPU.Build.0 = Release|Any CPU
		{E9D6257C-51A3-4153-AE43-6890C391E589}.Debug|Any CPU.ActiveCfg = Debug|Any CPU
		{E9D6257C-51A3-4153-AE43-6890C391E589}.Debug|Any CPU.Build.0 = Debug|Any CPU
		{E9D6257C-51A3-4153-AE43-6890C391E589}.Release|Any CPU.ActiveCfg = Release|Any CPU
		{E9D6257C-51A3-4153-AE43-6890C391E589}.Release|Any CPU.Build.0 = Release|Any CPU
		{4ED527E4-D91E-4DD2-9ED9-0A234B471F56}.Debug|Any CPU.ActiveCfg = Debug|Any CPU
		{4ED527E4-D91E-4DD2-9ED9-0A234B471F56}.Debug|Any CPU.Build.0 = Debug|Any CPU
		{4ED527E4-D91E-4DD2-9ED9-0A234B471F56}.Release|Any CPU.ActiveCfg = Release|Any CPU
		{4ED527E4-D91E-4DD2-9ED9-0A234B471F56}.Release|Any CPU.Build.0 = Release|Any CPU
		{D0030C2B-B9C9-4E29-BB79-8F138DED89CD}.Debug|Any CPU.ActiveCfg = Debug|Any CPU
		{D0030C2B-B9C9-4E29-BB79-8F138DED89CD}.Debug|Any CPU.Build.0 = Debug|Any CPU
		{D0030C2B-B9C9-4E29-BB79-8F138DED89CD}.Release|Any CPU.ActiveCfg = Release|Any CPU
		{D0030C2B-B9C9-4E29-BB79-8F138DED89CD}.Release|Any CPU.Build.0 = Release|Any CPU
		{42068FD6-BE76-4E8A-BC7C-78E99DE047A1}.Debug|Any CPU.ActiveCfg = Debug|Any CPU
		{42068FD6-BE76-4E8A-BC7C-78E99DE047A1}.Debug|Any CPU.Build.0 = Debug|Any CPU
		{42068FD6-BE76-4E8A-BC7C-78E99DE047A1}.Release|Any CPU.ActiveCfg = Release|Any CPU
		{42068FD6-BE76-4E8A-BC7C-78E99DE047A1}.Release|Any CPU.Build.0 = Release|Any CPU
		{8D6747B6-3A97-4423-957F-9405AE3AB8D8}.Debug|Any CPU.ActiveCfg = Debug|Any CPU
		{8D6747B6-3A97-4423-957F-9405AE3AB8D8}.Debug|Any CPU.Build.0 = Debug|Any CPU
		{8D6747B6-3A97-4423-957F-9405AE3AB8D8}.Release|Any CPU.ActiveCfg = Release|Any CPU
		{8D6747B6-3A97-4423-957F-9405AE3AB8D8}.Release|Any CPU.Build.0 = Release|Any CPU
		{0990CBCB-7B15-4DBD-9506-E69981C19584}.Debug|Any CPU.ActiveCfg = Debug|Any CPU
		{0990CBCB-7B15-4DBD-9506-E69981C19584}.Debug|Any CPU.Build.0 = Debug|Any CPU
		{0990CBCB-7B15-4DBD-9506-E69981C19584}.Release|Any CPU.ActiveCfg = Release|Any CPU
		{0990CBCB-7B15-4DBD-9506-E69981C19584}.Release|Any CPU.Build.0 = Release|Any CPU
		{A41B43BE-8939-49D6-A47A-D6533161265F}.Debug|Any CPU.ActiveCfg = Debug|Any CPU
		{A41B43BE-8939-49D6-A47A-D6533161265F}.Debug|Any CPU.Build.0 = Debug|Any CPU
		{A41B43BE-8939-49D6-A47A-D6533161265F}.Release|Any CPU.ActiveCfg = Release|Any CPU
		{A41B43BE-8939-49D6-A47A-D6533161265F}.Release|Any CPU.Build.0 = Release|Any CPU
	EndGlobalSection
EndGlobal
