
Microsoft Visual Studio Solution File, Format Version 12.00
# Visual Studio Version 17
VisualStudioVersion = 17.14.37614.0 d17.14
MinimumVisualStudioVersion = 10.0.40219.1
Project("{FAE04EC0-301F-11D3-BF4B-00C04F79EFBC}") = "sistemacontrolenvios", "sistemacontrolenvios.csproj", "{68CFD46B-578B-4837-8546-5F8C234E2F45}"
EndProject
Global
	GlobalSection(SolutionConfigurationPlatforms) = preSolution
		Debug|Any CPU = Debug|Any CPU
		Release|Any CPU = Release|Any CPU
	EndGlobalSection
	GlobalSection(ProjectConfigurationPlatforms) = postSolution
		{68CFD46B-578B-4837-8546-5F8C234E2F45}.Debug|Any CPU.ActiveCfg = Debug|Any CPU
		{68CFD46B-578B-4837-8546-5F8C234E2F45}.Debug|Any CPU.Build.0 = Debug|Any CPU
		{68CFD46B-578B-4837-8546-5F8C234E2F45}.Release|Any CPU.ActiveCfg = Release|Any CPU
		{68CFD46B-578B-4837-8546-5F8C234E2F45}.Release|Any CPU.Build.0 = Release|Any CPU
	EndGlobalSection
	GlobalSection(SolutionProperties) = preSolution
		HideSolutionNode = FALSE
	EndGlobalSection
	GlobalSection(ExtensibilityGlobals) = postSolution
		SolutionGuid = {534FBCD7-3FC5-47BA-9370-34387FAE827F}
	EndGlobalSection
EndGlobal
